
Microsoft Visual Studio Solution File, Format Version 12.00
# Visual Studio Version 16
VisualStudioVersion = 16.0.31727.386
MinimumVisualStudioVersion = 10.0.40219.1
Project("{FAE04EC0-301F-11D3-BF4B-00C04F79EFBC}") = "Calculator_OOP.UWP", "Calculator_OOP\Calculator_OOP.UWP\Calculator_OOP.UWP.csproj", "{A6A3E161-6C96-477C-8C2A-09388F9911C1}"
EndProject
Project("{FAE04EC0-301F-11D3-BF4B-00C04F79EFBC}") = "Calculator_OOP.Android", "Calculator_OOP\Calculator_OOP.Android\Calculator_OOP.Android.csproj", "{81A480E9-BB2F-4B9D-8B79-6E7C7C1D551B}"
EndProject
Project("{FAE04EC0-301F-11D3-BF4B-00C04F79EFBC}") = "Calculator_OOP.iOS", "Calculator_OOP\Calculator_OOP.iOS\Calculator_OOP.iOS.csproj", "{A622333E-B6E9-4313-A46F-1B9865D1BBFB}"
EndProject
Project("{FAE04EC0-301F-11D3-BF4B-00C04F79EFBC}") = "Calculator_OOP", "Calculator_OOP\Calculator_OOP\Calculator_OOP.csproj", "{55DDCECE-A2E7-412C-86E5-1334D2929409}"
EndProject
Global
	GlobalSection(SolutionConfigurationPlatforms) = preSolution
		Debug|Any CPU = Debug|Any CPU
		Debug|ARM = Debug|ARM
		Debug|iPhone = Debug|iPhone
		Debug|iPhoneSimulator = Debug|iPhoneSimulator
		Debug|x64 = Debug|x64
		Debug|x86 = Debug|x86
		Release|Any CPU = Release|Any CPU
		Release|ARM = Release|ARM
		Release|iPhone = Release|iPhone
		Release|iPhoneSimulator = Release|iPhoneSimulator
		Release|x64 = Release|x64
		Release|x86 = Release|x86
	EndGlobalSection
	GlobalSection(ProjectConfigurationPlatforms) = postSolution
		{A6A3E161-6C96-477C-8C2A-09388F9911C1}.Debug|Any CPU.ActiveCfg = Debug|x86
		{A6A3E161-6C96-477C-8C2A-09388F9911C1}.Debug|Any CPU.Build.0 = Debug|x86
		{A6A3E161-6C96-477C-8C2A-09388F9911C1}.Debug|Any CPU.Deploy.0 = Debug|x86
		{A6A3E161-6C96-477C-8C2A-09388F9911C1}.Debug|ARM.ActiveCfg = Debug|ARM
		{A6A3E161-6C96-477C-8C2A-09388F9911C1}.Debug|ARM.Build.0 = Debug|ARM
		{A6A3E161-6C96-477C-8C2A-09388F9911C1}.Debug|ARM.Deploy.0 = Debug|ARM
		{A6A3E161-6C96-477C-8C2A-09388F9911C1}.Debug|iPhone.ActiveCfg = Debug|x86
		{A6A3E161-6C96-477C-8C2A-09388F9911C1}.Debug|iPhone.Build.0 = Debug|x86
		{A6A3E161-6C96-477C-8C2A-09388F9911C1}.Debug|iPhone.Deploy.0 = Debug|x86
		{A6A3E161-6C96-477C-8C2A-09388F9911C1}.Debug|iPhoneSimulator.ActiveCfg = Debug|x86
		{A6A3E161-6C96-477C-8C2A-09388F9911C1}.Debug|iPhoneSimulator.Build.0 = Debug|x86
		{A6A3E161-6C96-477C-8C2A-09388F9911C1}.Debug|iPhoneSimulator.Deploy.0 = Debug|x86
		{A6A3E161-6C96-477C-8C2A-09388F9911C1}.Debug|x64.ActiveCfg = Debug|x64
		{A6A3E161-6C96-477C-8C2A-09388F9911C1}.Debug|x64.Build.0 = Debug|x64
		{A6A3E161-6C96-477C-8C2A-09388F9911C1}.Debug|x64.Deploy.0 = Debug|x64
		{A6A3E161-6C96-477C-8C2A-09388F9911C1}.Debug|x86.ActiveCfg = Debug|x86
		{A6A3E161-6C96-477C-8C2A-09388F9911C1}.Debug|x86.Build.0 = Debug|x86
		{A6A3E161-6C96-477C-8C2A-09388F9911C1}.Debug|x86.Deploy.0 = Debug|x86
		{A6A3E161-6C96-477C-8C2A-09388F9911C1}.Release|Any CPU.ActiveCfg = Release|x86
		{A6A3E161-6C96-477C-8C2A-09388F9911C1}.Release|Any CPU.Build.0 = Release|x86
		{A6A3E161-6C96-477C-8C2A-09388F9911C1}.Release|Any CPU.Deploy.0 = Release|x86
		{A6A3E161-6C96-477C-8C2A-09388F9911C1}.Release|ARM.ActiveCfg = Release|ARM
		{A6A3E161-6C96-477C-8C2A-09388F9911C1}.Release|ARM.Build.0 = Release|ARM
		{A6A3E161-6C96-477C-8C2A-09388F9911C1}.Release|ARM.Deploy.0 = Release|ARM
		{A6A3E161-6C96-477C-8C2A-09388F9911C1}.Release|iPhone.ActiveCfg = Release|x86
		{A6A3E161-6C96-477C-8C2A-09388F9911C1}.Release|iPhone.Build.0 = Release|x86
		{A6A3E161-6C96-477C-8C2A-09388F9911C1}.Release|iPhone.Deploy.0 = Release|x86
		{A6A3E161-6C96-477C-8C2A-09388F9911C1}.Release|iPhoneSimulator.ActiveCfg = Release|x86
		{A6A3E161-6C96-477C-8C2A-09388F9911C1}.Release|iPhoneSimulator.Build.0 = Release|x86
		{A6A3E161-6C96-477C-8C2A-09388F9911C1}.Release|iPhoneSimulator.Deploy.0 = Release|x86
		{A6A3E161-6C96-477C-8C2A-09388F9911C1}.Release|x64.ActiveCfg = Release|x64
		{A6A3E161-6C96-477C-8C2A-09388F9911C1}.Release|x64.Build.0 = Release|x64
		{A6A3E161-6C96-477C-8C2A-09388F9911C1}.Release|x64.Deploy.0 = Release|x64
		{A6A3E161-6C96-477C-8C2A-09388F9911C1}.Release|x86.ActiveCfg = Release|x86
		{A6A3E161-6C96-477C-8C2A-09388F9911C1}.Release|x86.Build.0 = Release|x86
		{A6A3E161-6C96-477C-8C2A-09388F9911C1}.Release|x86.Deploy.0 = Release|x86
		{81A480E9-BB2F-4B9D-8B79-6E7C7C1D551B}.Debug|Any CPU.ActiveCfg = Debug|Any CPU
		{81A480E9-BB2F-4B9D-8B79-6E7C7C1D551B}.Debug|Any CPU.Build.0 = Debug|Any CPU
		{81A480E9-BB2F-4B9D-8B79-6E7C7C1D551B}.Debug|Any CPU.Deploy.0 = Debug|Any CPU
		{81A480E9-BB2F-4B9D-8B79-6E7C7C1D551B}.Debug|ARM.ActiveCfg = Debug|Any CPU
		{81A480E9-BB2F-4B9D-8B79-6E7C7C1D551B}.Debug|ARM.Build.0 = Debug|Any CPU
		{81A480E9-BB2F-4B9D-8B79-6E7C7C1D551B}.Debug|ARM.Deploy.0 = Debug|Any CPU
		{81A480E9-BB2F-4B9D-8B79-6E7C7C1D551B}.Debug|iPhone.ActiveCfg = Debug|Any CPU
		{81A480E9-BB2F-4B9D-8B79-6E7C7C1D551B}.Debug|iPhone.Build.0 = Debug|Any CPU
		{81A480E9-BB2F-4B9D-8B79-6E7C7C1D551B}.Debug|iPhone.Deploy.0 = Debug|Any CPU
		{81A480E9-BB2F-4B9D-8B79-6E7C7C1D551B}.Debug|iPhoneSimulator.ActiveCfg = Debug|Any CPU
		{81A480E9-BB2F-4B9D-8B79-6E7C7C1D551B}.Debug|iPhoneSimulator.Build.0 = Debug|Any CPU
		{81A480E9-BB2F-4B9D-8B79-6E7C7C1D551B}.Debug|iPhoneSimulator.Deploy.0 = Debug|Any CPU
		{81A480E9-BB2F-4B9D-8B79-6E7C7C1D551B}.Debug|x64.ActiveCfg = Debug|Any CPU
		{81A480E9-BB2F-4B9D-8B79-6E7C7C1D551B}.Debug|x64.Build.0 = Debug|Any CPU
		{81A480E9-BB2F-4B9D-8B79-6E7C7C1D551B}.Debug|x64.Deploy.0 = Debug|Any CPU
		{81A480E9-BB2F-4B9D-8B79-6E7C7C1D551B}.Debug|x86.ActiveCfg = Debug|Any CPU
		{81A480E9-BB2F-4B9D-8B79-6E7C7C1D551B}.Debug|x86.Build.0 = Debug|Any CPU
		{81A480E9-BB2F-4B9D-8B79-6E7C7C1D551B}.Debug|x86.Deploy.0 = Debug|Any CPU
		{81A480E9-BB2F-4B9D-8B79-6E7C7C1D551B}.Release|Any CPU.ActiveCfg = Release|Any CPU
		{81A480E9-BB2F-4B9D-8B79-6E7C7C1D551B}.Release|Any CPU.Build.0 = Release|Any CPU
		{81A480E9-BB2F-4B9D-8B79-6E7C7C1D551B}.Release|Any CPU.Deploy.0 = Release|Any CPU
		{81A480E9-BB2F-4B9D-8B79-6E7C7C1D551B}.Release|ARM.ActiveCfg = Release|Any CPU
		{81A480E9-BB2F-4B9D-8B79-6E7C7C1D551B}.Release|ARM.Build.0 = Release|Any CPU
		{81A480E9-BB2F-4B9D-8B79-6E7C7C1D551B}.Release|ARM.Deploy.0 = Release|Any CPU
		{81A480E9-BB2F-4B9D-8B79-6E7C7C1D551B}.Release|iPhone.ActiveCfg = Release|Any CPU
		{81A480E9-BB2F-4B9D-8B79-6E7C7C1D551B}.Release|iPhone.Build.0 = Release|Any CPU
		{81A480E9-BB2F-4B9D-8B79-6E7C7C1D551B}.Release|iPhone.Deploy.0 = Release|Any CPU
		{81A480E9-BB2F-4B9D-8B79-6E7C7C1D551B}.Release|iPhoneSimulator.ActiveCfg = Release|Any CPU
		{81A480E9-BB2F-4B9D-8B79-6E7C7C1D551B}.Release|iPhoneSimulator.Build.0 = Release|Any CPU
		{81A480E9-BB2F-4B9D-8B79-6E7C7C1D551B}.Release|iPhoneSimulator.Deploy.0 = Release|Any CPU
		{81A480E9-BB2F-4B9D-8B79-6E7C7C1D551B}.Release|x64.ActiveCfg = Release|Any CPU
		{81A480E9-BB2F-4B9D-8B79-6E7C7C1D551B}.Release|x64.Build.0 = Release|Any CPU
		{81A480E9-BB2F-4B9D-8B79-6E7C7C1D551B}.Release|x64.Deploy.0 = Release|Any CPU
		{81A480E9-BB2F-4B9D-8B79-6E7C7C1D551B}.Release|x86.ActiveCfg = Release|Any CPU
		{81A480E9-BB2F-4B9D-8B79-6E7C7C1D551B}.Release|x86.Build.0 = Release|Any CPU
		{81A480E9-BB2F-4B9D-8B79-6E7C7C1D551B}.Release|x86.Deploy.0 = Release|Any CPU
		{A622333E-B6E9-4313-A46F-1B9865D1BBFB}.Debug|Any CPU.ActiveCfg = Debug|iPhoneSimulator
		{A622333E-B6E9-4313-A46F-1B9865D1BBFB}.Debug|Any CPU.Build.0 = Debug|iPhoneSimulator
		{A622333E-B6E9-4313-A46F-1B9865D1BBFB}.Debug|Any CPU.Deploy.0 = Debug|iPhoneSimulator
		{A622333E-B6E9-4313-A46F-1B9865D1BBFB}.Debug|ARM.ActiveCfg = Debug|iPhone
		{A622333E-B6E9-4313-A46F-1B9865D1BBFB}.Debug|ARM.Build.0 = Debug|iPhone
		{A622333E-B6E9-4313-A46F-1B9865D1BBFB}.Debug|ARM.Deploy.0 = Debug|iPhone
		{A622333E-B6E9-4313-A46F-1B9865D1BBFB}.Debug|iPhone.ActiveCfg = Debug|iPhone
		{A622333E-B6E9-4313-A46F-1B9865D1BBFB}.Debug|iPhone.Build.0 = Debug|iPhone
		{A622333E-B6E9-4313-A46F-1B9865D1BBFB}.Debug|iPhone.Deploy.0 = Debug|iPhone
		{A622333E-B6E9-4313-A46F-1B9865D1BBFB}.Debug|iPhoneSimulator.ActiveCfg = Debug|iPhoneSimulator
		{A622333E-B6E9-4313-A46F-1B9865D1BBFB}.Debug|iPhoneSimulator.Build.0 = Debug|iPhoneSimulator
		{A622333E-B6E9-4313-A46F-1B9865D1BBFB}.Debug|iPhoneSimulator.Deploy.0 = Debug|iPhoneSimulator
		{A622333E-B6E9-4313-A46F-1B9865D1BBFB}.Debug|x64.ActiveCfg = Debug|iPhoneSimulator
		{A622333E-B6E9-4313-A46F-1B9865D1BBFB}.Debug|x64.Build.0 = Debug|iPhoneSimulator
		{A622333E-B6E9-4313-A46F-1B9865D1BBFB}.Debug|x64.Deploy.0 = Debug|iPhoneSimulator
		{A622333E-B6E9-4313-A46F-1B9865D1BBFB}.Debug|x86.ActiveCfg = Debug|iPhoneSimulator
		{A622333E-B6E9-4313-A46F-1B9865D1BBFB}.Debug|x86.Build.0 = Debug|iPhoneSimulator
		{A622333E-B6E9-4313-A46F-1B9865D1BBFB}.Debug|x86.Deploy.0 = Debug|iPhoneSimulator
		{A622333E-B6E9-4313-A46F-1B9865D1BBFB}.Release|Any CPU.ActiveCfg = Release|iPhoneSimulator
		{A622333E-B6E9-4313-A46F-1B9865D1BBFB}.Release|Any CPU.Build.0 = Release|iPhoneSimulator
		{A622333E-B6E9-4313-A46F-1B9865D1BBFB}.Release|Any CPU.Deploy.0 = Release|iPhoneSimulator
		{A622333E-B6E9-4313-A46F-1B9865D1BBFB}.Release|ARM.ActiveCfg = Release|iPhoneSimulator
		{A622333E-B6E9-4313-A46F-1B9865D1BBFB}.Release|ARM.Build.0 = Release|iPhoneSimulator
		{A622333E-B6E9-4313-A46F-1B9865D1BBFB}.Release|ARM.Deploy.0 = Release|iPhoneSimulator
		{A622333E-B6E9-4313-A46F-1B9865D1BBFB}.Release|iPhone.ActiveCfg = Release|iPhone
		{A622333E-B6E9-4313-A46F-1B9865D1BBFB}.Release|iPhone.Build.0 = Release|iPhone
		{A622333E-B6E9-4313-A46F-1B9865D1BBFB}.Release|iPhone.Deploy.0 = Release|iPhone
		{A622333E-B6E9-4313-A46F-1B9865D1BBFB}.Release|iPhoneSimulator.ActiveCfg = Release|iPhoneSimulator
		{A622333E-B6E9-4313-A46F-1B9865D1BBFB}.Release|iPhoneSimulator.Build.0 = Release|iPhoneSimulator
		{A622333E-B6E9-4313-A46F-1B9865D1BBFB}.Release|iPhoneSimulator.Deploy.0 = Release|iPhoneSimulator
		{A622333E-B6E9-4313-A46F-1B9865D1BBFB}.Release|x64.ActiveCfg = Release|iPhoneSimulator
		{A622333E-B6E9-4313-A46F-1B9865D1BBFB}.Release|x64.Build.0 = Release|iPhoneSimulator
		{A622333E-B6E9-4313-A46F-1B9865D1BBFB}.Release|x64.Deploy.0 = Release|iPhoneSimulator
		{A622333E-B6E9-4313-A46F-1B9865D1BBFB}.Release|x86.ActiveCfg = Release|iPhoneSimulator
		{A622333E-B6E9-4313-A46F-1B9865D1BBFB}.Release|x86.Build.0 = Release|iPhoneSimulator
		{A622333E-B6E9-4313-A46F-1B9865D1BBFB}.Release|x86.Deploy.0 = Release|iPhoneSimulator
		{55DDCECE-A2E7-412C-86E5-1334D2929409}.Debug|Any CPU.ActiveCfg = Debug|Any CPU
		{55DDCECE-A2E7-412C-86E5-1334D2929409}.Debug|Any CPU.Build.0 = Debug|Any CPU
		{55DDCECE-A2E7-412C-86E5-1334D2929409}.Debug|Any CPU.Deploy.0 = Debug|Any CPU
		{55DDCECE-A2E7-412C-86E5-1334D2929409}.Debug|ARM.ActiveCfg = Debug|Any CPU
		{55DDCECE-A2E7-412C-86E5-1334D2929409}.Debug|ARM.Build.0 = Debug|Any CPU
		{55DDCECE-A2E7-412C-86E5-1334D2929409}.Debug|ARM.Deploy.0 = Debug|Any CPU
		{55DDCECE-A2E7-412C-86E5-1334D2929409}.Debug|iPhone.ActiveCfg = Debug|Any CPU
		{55DDCECE-A2E7-412C-86E5-1334D2929409}.Debug|iPhone.Build.0 = Debug|Any CPU
		{55DDCECE-A2E7-412C-86E5-1334D2929409}.Debug|iPhone.Deploy.0 = Debug|Any CPU
		{55DDCECE-A2E7-412C-86E5-1334D2929409}.Debug|iPhoneSimulator.ActiveCfg = Debug|Any CPU
		{55DDCECE-A2E7-412C-86E5-1334D2929409}.Debug|iPhoneSimulator.Build.0 = Debug|Any CPU
		{55DDCECE-A2E7-412C-86E5-1334D2929409}.Debug|iPhoneSimulator.Deploy.0 = Debug|Any CPU
		{55DDCECE-A2E7-412C-86E5-1334D2929409}.Debug|x64.ActiveCfg = Debug|Any CPU
		{55DDCECE-A2E7-412C-86E5-1334D2929409}.Debug|x64.Build.0 = Debug|Any CPU
		{55DDCECE-A2E7-412C-86E5-1334D2929409}.Debug|x64.Deploy.0 = Debug|Any CPU
		{55DDCECE-A2E7-412C-86E5-1334D2929409}.Debug|x86.ActiveCfg = Debug|Any CPU
		{55DDCECE-A2E7-412C-86E5-1334D2929409}.Debug|x86.Build.0 = Debug|Any CPU
		{55DDCECE-A2E7-412C-86E5-1334D2929409}.Debug|x86.Deploy.0 = Debug|Any CPU
		{55DDCECE-A2E7-412C-86E5-1334D2929409}.Release|Any CPU.ActiveCfg = Release|Any CPU
		{55DDCECE-A2E7-412C-86E5-1334D2929409}.Release|Any CPU.Build.0 = Release|Any CPU
		{55DDCECE-A2E7-412C-86E5-1334D2929409}.Release|Any CPU.Deploy.0 = Release|Any CPU
		{55DDCECE-A2E7-412C-86E5-1334D2929409}.Release|ARM.ActiveCfg = Release|Any CPU
		{55DDCECE-A2E7-412C-86E5-1334D2929409}.Release|ARM.Build.0 = Release|Any CPU
		{55DDCECE-A2E7-412C-86E5-1334D2929409}.Release|ARM.Deploy.0 = Release|Any CPU
		{55DDCECE-A2E7-412C-86E5-1334D2929409}.Release|iPhone.ActiveCfg = Release|Any CPU
		{55DDCECE-A2E7-412C-86E5-1334D2929409}.Release|iPhone.Build.0 = Release|Any CPU
		{55DDCECE-A2E7-412C-86E5-1334D2929409}.Release|iPhone.Deploy.0 = Release|Any CPU
		{55DDCECE-A2E7-412C-86E5-1334D2929409}.Release|iPhoneSimulator.ActiveCfg = Release|Any CPU
		{55DDCECE-A2E7-412C-86E5-1334D2929409}.Release|iPhoneSimulator.Build.0 = Release|Any CPU
		{55DDCECE-A2E7-412C-86E5-1334D2929409}.Release|iPhoneSimulator.Deploy.0 = Release|Any CPU
		{55DDCECE-A2E7-412C-86E5-1334D2929409}.Release|x64.ActiveCfg = Release|Any CPU
		{55DDCECE-A2E7-412C-86E5-1334D2929409}.Release|x64.Build.0 = Release|Any CPU
		{55DDCECE-A2E7-412C-86E5-1334D2929409}.Release|x64.Deploy.0 = Release|Any CPU
		{55DDCECE-A2E7-412C-86E5-1334D2929409}.Release|x86.ActiveCfg = Release|Any CPU
		{55DDCECE-A2E7-412C-86E5-1334D2929409}.Release|x86.Build.0 = Release|Any CPU
		{55DDCECE-A2E7-412C-86E5-1334D2929409}.Release|x86.Deploy.0 = Release|Any CPU
	EndGlobalSection
	GlobalSection(SolutionProperties) = preSolution
		HideSolutionNode = FALSE
	EndGlobalSection
	GlobalSection(ExtensibilityGlobals) = postSolution
		SolutionGuid = {62B4D81D-F355-4D7B-B9A3-022D4465ACD1}
	EndGlobalSection
EndGlobal
